PODS:
  - GLCalendarView (1.2.1)
  - IBViewBorders (0.1.2)

DEPENDENCIES:
  - GLCalendarView (from `https://github.com/ismailbozk/GLCalendarView.git`)
  - IBViewBorders

EXTERNAL SOURCES:
  GLCalendarView:
    :git: https://github.com/ismailbozk/GLCalendarView.git

CHECKOUT OPTIONS:
  GLCalendarView:
    :commit: 12995328912dce365ad0fcd2364ba53d3c9e32c9
    :git: https://github.com/ismailbozk/GLCalendarView.git

SPEC CHECKSUMS:
  GLCalendarView: 9d0be9a332bc09f556a79600a0d2d1404806f719
  IBViewBorders: 89e4051cbd8417154282e22af9b3b28f4dad843a

COCOAPODS: 0.39.0
